
Microsoft Visual Studio Solution File, Format Version 12.00
# Visual Studio Version 16
VisualStudioVersion = 16.0.29613.14
MinimumVisualStudioVersion = 10.0.40219.1
Project("{FAE04EC0-301F-11D3-BF4B-00C04F79EFBC}") = "ForAndTwentyBlackbirds.sln", "ForAndTwentyBlackbirds.sln.csproj", "{C2C9BCF5-3AC8-4A30-8CD8-07914BF5385D}"
EndProject
Global
	GlobalSection(SolutionConfigurationPlatforms) = preSolution
		Debug|Any CPU = Debug|Any CPU
		Release|Any CPU = Release|Any CPU
	EndGlobalSection
	GlobalSection(ProjectConfigurationPlatforms) = postSolution
		{C2C9BCF5-3AC8-4A30-8CD8-07914BF5385D}.Debug|Any CPU.ActiveCfg = Debug|Any CPU
		{C2C9BCF5-3AC8-4A30-8CD8-07914BF5385D}.Debug|Any CPU.Build.0 = Debug|Any CPU
		{C2C9BCF5-3AC8-4A30-8CD8-07914BF5385D}.Release|Any CPU.ActiveCfg = Release|Any CPU
		{C2C9BCF5-3AC8-4A30-8CD8-07914BF5385D}.Release|Any CPU.Build.0 = Release|Any CPU
	EndGlobalSection
	GlobalSection(SolutionProperties) = preSolution
		HideSolutionNode = FALSE
	EndGlobalSection
	GlobalSection(ExtensibilityGlobals) = postSolution
		SolutionGuid = {F6692A98-1D7D-423D-97CB-E49C91B30F44}
	EndGlobalSection
EndGlobal
